
Microsoft Visual Studio Solution File, Format Version 12.00
# Visual Studio 2012
Project("{8BC9CEB8-8B4A-11D0-8D11-00A0C91BC942}") = "PhysicsN", "PhysicsN\PhysicsN.vcxproj", "{56B5DFC3-E5A5-4C82-B756-DAAC88A787B2}"
EndProject
Global
	GlobalSection(SolutionConfigurationPlatforms) = preSolution
		Debug|Win32 = Debug|Win32
		Release|Win32 = Release|Win32
	EndGlobalSection
	GlobalSection(ProjectConfigurationPlatforms) = postSolution
		{56B5DFC3-E5A5-4C82-B756-DAAC88A787B2}.Debug|Win32.ActiveCfg = Debug|Win32
		{56B5DFC3-E5A5-4C82-B756-DAAC88A787B2}.Debug|Win32.Build.0 = Debug|Win32
		{56B5DFC3-E5A5-4C82-B756-DAAC88A787B2}.Release|Win32.ActiveCfg = Release|Win32
		{56B5DFC3-E5A5-4C82-B756-DAAC88A787B2}.Release|Win32.Build.0 = Release|Win32
	EndGlobalSection
	GlobalSection(SolutionProperties) = preSolution
		HideSolutionNode = FALSE
	EndGlobalSection
EndGlobal
